{
  "requires": true,
  "lockfileVersion": 1,
  "dependencies": {
    "@webcomponents/custom-elements": {
      "version": "github:webcomponents/custom-elements#f27a9390f2827196f6649dc6ce19a9253d88bbef"
    },
    "BaseComponent": {
      "version": "github:clubajax/BaseComponent#5405b272994e896dd156698fd7bb4a5ddd6657d2",
      "requires": {
        "dom": "github:clubajax/dom#3d2d755ccf54eb30ce942cc6c048cd2ecefac91f",
        "on": "github:clubajax/on#a831ad31362ae8d4eec4257f9531cbef2f029010"
      }
    },
    "custom-elements-polyfill": {
      "version": "github:clubajax/custom-elements-polyfill#64054754147591f8cac418955e3bed39d0cd9a18",
      "requires": {
        "@webcomponents/custom-elements": "github:webcomponents/custom-elements#f27a9390f2827196f6649dc6ce19a9253d88bbef"
      }
    },
    "dom": {
      "version": "github:clubajax/dom#3d2d755ccf54eb30ce942cc6c048cd2ecefac91f"
    },
    "on": {
      "version": "github:clubajax/on#a831ad31362ae8d4eec4257f9531cbef2f029010"
    }
  }
}
