# THIS IS AN AUTOGENERATED FILE. DO NOT EDIT THIS FILE DIRECTLY.
# yarn lockfile v1


"@webcomponents/custom-elements@github:webcomponents/custom-elements":
  version "1.0.0"
  resolved "https://codeload.github.com/webcomponents/custom-elements/tar.gz/f27a9390f2827196f6649dc6ce19a9253d88bbef"

"BaseComponent@github:clubajax/BaseComponent":
  version "1.3.2"
  resolved "https://codeload.github.com/clubajax/BaseComponent/tar.gz/5405b272994e896dd156698fd7bb4a5ddd6657d2"
  dependencies:
    dom clubajax/dom#v2.0.0
    on clubajax/on#v2.0.0

"custom-elements-polyfill@github:clubajax/custom-elements-polyfill":
  version "0.0.5"
  resolved "https://codeload.github.com/clubajax/custom-elements-polyfill/tar.gz/64054754147591f8cac418955e3bed39d0cd9a18"
  dependencies:
    "@webcomponents/custom-elements" "github:webcomponents/custom-elements"

dom@clubajax/dom#v2.0.0:
  version "2.0.0"
  resolved "https://codeload.github.com/clubajax/dom/tar.gz/3d2d755ccf54eb30ce942cc6c048cd2ecefac91f"

on@clubajax/on#v2.0.0:
  version "2.0.0"
  resolved "https://codeload.github.com/clubajax/on/tar.gz/a831ad31362ae8d4eec4257f9531cbef2f029010"
